
Microsoft Visual Studio Solution File, Format Version 12.00
# Visual Studio Version 17
VisualStudioVersion = 17.4.33122.133
MinimumVisualStudioVersion = 10.0.40219.1
Project("{FAE04EC0-301F-11D3-BF4B-00C04F79EFBC}") = "Backgammon4", "Backgammon4\Backgammon4.csproj", "{A1DB60DD-F9D4-41CF-8E7D-1FC9AA8578C5}"
EndProject
Global
	GlobalSection(SolutionConfigurationPlatforms) = preSolution
		Debug|Any CPU = Debug|Any CPU
		Release|Any CPU = Release|Any CPU
	EndGlobalSection
	GlobalSection(ProjectConfigurationPlatforms) = postSolution
		{A1DB60DD-F9D4-41CF-8E7D-1FC9AA8578C5}.Debug|Any CPU.ActiveCfg = Debug|Any CPU
		{A1DB60DD-F9D4-41CF-8E7D-1FC9AA8578C5}.Debug|Any CPU.Build.0 = Debug|Any CPU
		{A1DB60DD-F9D4-41CF-8E7D-1FC9AA8578C5}.Debug|Any CPU.Deploy.0 = Debug|Any CPU
		{A1DB60DD-F9D4-41CF-8E7D-1FC9AA8578C5}.Release|Any CPU.ActiveCfg = Release|Any CPU
		{A1DB60DD-F9D4-41CF-8E7D-1FC9AA8578C5}.Release|Any CPU.Build.0 = Release|Any CPU
		{A1DB60DD-F9D4-41CF-8E7D-1FC9AA8578C5}.Release|Any CPU.Deploy.0 = Release|Any CPU
	EndGlobalSection
	GlobalSection(SolutionProperties) = preSolution
		HideSolutionNode = FALSE
	EndGlobalSection
	GlobalSection(ExtensibilityGlobals) = postSolution
		SolutionGuid = {65D9ADD1-4672-4E78-B301-6130CA2B9026}
	EndGlobalSection
EndGlobal
